
Microsoft Visual Studio Solution File, Format Version 12.00
# Visual Studio Version 17
VisualStudioVersion = 17.5.002.0
MinimumVisualStudioVersion = 10.0.40219.1
Project("{2150E333-8FDC-42A3-9474-1A3956D46DE8}") = "lesson1", "lesson1", "{1AC28217-4925-49F3-B86F-96884B112FC0}"
EndProject
Project("{9A19103F-16F7-4668-BE54-9A1E7A4F7556}") = "Task1", "lesson1\Task1\Task1.csproj", "{1D73DE92-B632-4278-B4F2-1D9997C98B02}"
EndProject
Global
	GlobalSection(SolutionConfigurationPlatforms) = preSolution
		Debug|Any CPU = Debug|Any CPU
		Release|Any CPU = Release|Any CPU
	EndGlobalSection
	GlobalSection(ProjectConfigurationPlatforms) = postSolution
		{1D73DE92-B632-4278-B4F2-1D9997C98B02}.Debug|Any CPU.ActiveCfg = Debug|Any CPU
		{1D73DE92-B632-4278-B4F2-1D9997C98B02}.Debug|Any CPU.Build.0 = Debug|Any CPU
		{1D73DE92-B632-4278-B4F2-1D9997C98B02}.Release|Any CPU.ActiveCfg = Release|Any CPU
		{1D73DE92-B632-4278-B4F2-1D9997C98B02}.Release|Any CPU.Build.0 = Release|Any CPU
	EndGlobalSection
	GlobalSection(SolutionProperties) = preSolution
		HideSolutionNode = FALSE
	EndGlobalSection
	GlobalSection(NestedProjects) = preSolution
		{1D73DE92-B632-4278-B4F2-1D9997C98B02} = {1AC28217-4925-49F3-B86F-96884B112FC0}
	EndGlobalSection
	GlobalSection(ExtensibilityGlobals) = postSolution
		SolutionGuid = {06BD788C-A30C-45C1-85E3-49591C2F63B4}
	EndGlobalSection
EndGlobal
